{
  "name": "prescrimed-system",
  "version": "1.0.0",
  "lockfileVersion": 3,
  "requires": true,
  "packages": {
    "": {
    },
    "node_modules/@babel/runtime": {
    },
    "node_modules/@gar/promisify": {
      "optional": true
    },
    "node_modules/@npmcli/fs": {
    },
    "node_modules/@npmcli/move-file": {
    },
    "node_modules/@tootallnate/once": {
    },
    "node_modules/@types/debug": {
    },
    "node_modules/@types/ms": {
      "license": "MIT"
    },
    "node_modules/@types/node": {
    },
    "node_modules/@types/validator": {
      "license": "MIT"
    },
    "node_modules/abbrev": {
      "optional": true
    },
    "node_modules/accepts": {
    },
    "node_modules/accepts/node_modules/negotiator": {
    },
    "node_modules/agent-base": {
    },
    "node_modules/agent-base/node_modules/debug": {
    },
    "node_modules/agent-base/node_modules/ms": {
      "optional": true
    },
    "node_modules/agentkeepalive": {
    },
    "node_modules/aggregate-error": {
    },
    "node_modules/ansi-regex": {
    },
    "node_modules/ansi-styles": {
    },
    "node_modules/anymatch": {
    },
    "node_modules/aproba": {
      "optional": true
    },
    "node_modules/are-we-there-yet": {
    },
    "node_modules/array-flatten": {
      "license": "MIT"
    },
    "node_modules/aws-ssl-profiles": {
    },
    "node_modules/balanced-match": {
      "license": "MIT"
    },
    "node_modules/base64-js": {
      "license": "MIT"
    },
    "node_modules/basic-auth": {
    },
    "node_modules/basic-auth/node_modules/safe-buffer": {
      "license": "MIT"
    },
    "node_modules/bcryptjs": {
      "license": "MIT"
    },
    "node_modules/binary-extensions": {
    },
    "node_modules/bindings": {
    },
    "node_modules/bl": {
    },
    "node_modules/body-parser": {
    },
    "node_modules/brace-expansion": {
    },
    "node_modules/braces": {
    },
    "node_modules/buffer": {
    },
    "node_modules/buffer-equal-constant-time": {
      "license": "BSD-3-Clause"
    },
    "node_modules/bytes": {
    },
    "node_modules/cacache": {
    },
    "node_modules/call-bind-apply-helpers": {
    },
    "node_modules/call-bound": {
    },
    "node_modules/chalk": {
    },
    "node_modules/chalk/node_modules/supports-color": {
    },
    "node_modules/chokidar": {
    },
    "node_modules/chownr": {
    },
    "node_modules/clean-stack": {
    },
    "node_modules/cliui": {
    },
    "node_modules/color-convert": {
    },
    "node_modules/color-name": {
      "license": "MIT"
    },
    "node_modules/color-support": {
    },
    "node_modules/compressible": {
    },
    "node_modules/compression": {
    },
    "node_modules/concat-map": {
      "license": "MIT"
    },
    "node_modules/concurrently": {
    },
    "node_modules/console-control-strings": {
      "optional": true
    },
    "node_modules/content-disposition": {
    },
    "node_modules/content-type": {
    },
    "node_modules/cookie": {
    },
    "node_modules/cookie-signature": {
      "license": "MIT"
    },
    "node_modules/cors": {
    },
    "node_modules/date-fns": {
    },
    "node_modules/debug": {
    },
    "node_modules/decompress-response": {
    },
    "node_modules/deep-extend": {
    },
    "node_modules/delegates": {
      "optional": true
    },
    "node_modules/denque": {
    },
    "node_modules/depd": {
    },
    "node_modules/destroy": {
    },
    "node_modules/detect-libc": {
    },
    "node_modules/dotenv": {
    },
    "node_modules/dottie": {
      "license": "MIT"
    },
    "node_modules/dunder-proto": {
    },
    "node_modules/ecdsa-sig-formatter": {
    },
    "node_modules/ee-first": {
      "license": "MIT"
    },
    "node_modules/emoji-regex": {
      "license": "MIT"
    },
    "node_modules/encodeurl": {
    },
    "node_modules/encoding": {
    },
    "node_modules/encoding/node_modules/iconv-lite": {
    },
    "node_modules/end-of-stream": {
    },
    "node_modules/env-paths": {
    },
    "node_modules/err-code": {
      "optional": true
    },
    "node_modules/es-define-property": {
    },
    "node_modules/es-errors": {
    },
    "node_modules/es-object-atoms": {
    },
    "node_modules/escalade": {
    },
    "node_modules/escape-html": {
      "license": "MIT"
    },
    "node_modules/etag": {
    },
  }
}
